
Microsoft Visual Studio Solution File, Format Version 12.00
# Visual Studio Version 16
VisualStudioVersion = 16.0.29609.76
MinimumVisualStudioVersion = 10.0.40219.1
Project("{FAE04EC0-301F-11D3-BF4B-00C04F79EFBC}") = "DigitalPlanner", "DigitalPlanner\DigitalPlanner.csproj", "{DEC54B8E-B18B-42B4-BFF1-B626D14CD591}"
EndProject
Project("{2150E333-8FDC-42A3-9474-1A3956D46DE8}") = "Solution Items", "Solution Items", "{CCC14110-FD46-48DC-9BA7-837EF115A50C}"
	ProjectSection(SolutionItems) = preProject
		.editorconfig = .editorconfig
	EndProjectSection
EndProject
Global
	GlobalSection(SolutionConfigurationPlatforms) = preSolution
		Debug|Any CPU = Debug|Any CPU
		Release|Any CPU = Release|Any CPU
	EndGlobalSection
	GlobalSection(ProjectConfigurationPlatforms) = postSolution
		{DEC54B8E-B18B-42B4-BFF1-B626D14CD591}.Debug|Any CPU.ActiveCfg = Debug|Any CPU
		{DEC54B8E-B18B-42B4-BFF1-B626D14CD591}.Debug|Any CPU.Build.0 = Debug|Any CPU
		{DEC54B8E-B18B-42B4-BFF1-B626D14CD591}.Release|Any CPU.ActiveCfg = Release|Any CPU
		{DEC54B8E-B18B-42B4-BFF1-B626D14CD591}.Release|Any CPU.Build.0 = Release|Any CPU
	EndGlobalSection
	GlobalSection(SolutionProperties) = preSolution
		HideSolutionNode = FALSE
	EndGlobalSection
	GlobalSection(ExtensibilityGlobals) = postSolution
		SolutionGuid = {5C1346AC-7F84-48D7-8402-1DAEA9934367}
	EndGlobalSection
EndGlobal
